
Microsoft Visual Studio Solution File, Format Version 12.00
# Visual Studio 15
Project("{FAE04EC0-301F-11D3-BF4B-00C04F79EFBC}") = "Assembly-CSharp", "Assembly-CSharp.csproj", "{18A8E6F5-08CE-D131-7CF9-19FDAD0B0517}"
EndProject
Project("{FAE04EC0-301F-11D3-BF4B-00C04F79EFBC}") = "Assembly-CSharp-firstpass", "Assembly-CSharp-firstpass.csproj", "{31567380-67EA-5F55-0537-ED413B05BAD5}"
EndProject
Global
	GlobalSection(SolutionConfigurationPlatforms) = preSolution
		Debug|Any CPU = Debug|Any CPU
		Release|Any CPU = Release|Any CPU
	EndGlobalSection
	GlobalSection(ProjectConfigurationPlatforms) = postSolution
		{18A8E6F5-08CE-D131-7CF9-19FDAD0B0517}.Debug|Any CPU.ActiveCfg = Debug|Any CPU
		{18A8E6F5-08CE-D131-7CF9-19FDAD0B0517}.Debug|Any CPU.Build.0 = Debug|Any CPU
		{18A8E6F5-08CE-D131-7CF9-19FDAD0B0517}.Release|Any CPU.ActiveCfg = Release|Any CPU
		{18A8E6F5-08CE-D131-7CF9-19FDAD0B0517}.Release|Any CPU.Build.0 = Release|Any CPU
		{31567380-67EA-5F55-0537-ED413B05BAD5}.Debug|Any CPU.ActiveCfg = Debug|Any CPU
		{31567380-67EA-5F55-0537-ED413B05BAD5}.Debug|Any CPU.Build.0 = Debug|Any CPU
		{31567380-67EA-5F55-0537-ED413B05BAD5}.Release|Any CPU.ActiveCfg = Release|Any CPU
		{31567380-67EA-5F55-0537-ED413B05BAD5}.Release|Any CPU.Build.0 = Release|Any CPU
	EndGlobalSection
	GlobalSection(SolutionProperties) = preSolution
		HideSolutionNode = FALSE
	EndGlobalSection
EndGlobal
